
Microsoft Visual Studio Solution File, Format Version 12.00
# Visual Studio Version 17
VisualStudioVersion = 17.1.32228.430
MinimumVisualStudioVersion = 10.0.40219.1
Project("{FAE04EC0-301F-11D3-BF4B-00C04F79EFBC}") = "PayrollSystemTest", "PayrollSystemTest\PayrollSystemTest.csproj", "{4B14998F-731C-44B4-850A-B7EBFA90A7A8}"
EndProject
Global
	GlobalSection(SolutionConfigurationPlatforms) = preSolution
		Debug|Any CPU = Debug|Any CPU
		Release|Any CPU = Release|Any CPU
	EndGlobalSection
	GlobalSection(ProjectConfigurationPlatforms) = postSolution
		{4B14998F-731C-44B4-850A-B7EBFA90A7A8}.Debug|Any CPU.ActiveCfg = Debug|Any CPU
		{4B14998F-731C-44B4-850A-B7EBFA90A7A8}.Debug|Any CPU.Build.0 = Debug|Any CPU
		{4B14998F-731C-44B4-850A-B7EBFA90A7A8}.Release|Any CPU.ActiveCfg = Release|Any CPU
		{4B14998F-731C-44B4-850A-B7EBFA90A7A8}.Release|Any CPU.Build.0 = Release|Any CPU
	EndGlobalSection
	GlobalSection(SolutionProperties) = preSolution
		HideSolutionNode = FALSE
	EndGlobalSection
	GlobalSection(ExtensibilityGlobals) = postSolution
		SolutionGuid = {9A7E7C5E-331E-4EED-AE46-CD500BB299D0}
	EndGlobalSection
EndGlobal
